
Microsoft Visual Studio Solution File, Format Version 12.00
# Visual Studio 15
VisualStudioVersion = 15.0.27130.2024
MinimumVisualStudioVersion = 10.0.40219.1
Project("{FAE04EC0-301F-11D3-BF4B-00C04F79EFBC}") = "WPF-MVVM Schedule", "WPF-MVVM Schedule\WPF-MVVM Schedule.csproj", "{D1D66671-1B6C-4E81-91EA-E3181BD3BD0D}"
EndProject
Global
	GlobalSection(SolutionConfigurationPlatforms) = preSolution
		Debug|Any CPU = Debug|Any CPU
		Release|Any CPU = Release|Any CPU
	EndGlobalSection
	GlobalSection(ProjectConfigurationPlatforms) = postSolution
		{D1D66671-1B6C-4E81-91EA-E3181BD3BD0D}.Debug|Any CPU.ActiveCfg = Debug|Any CPU
		{D1D66671-1B6C-4E81-91EA-E3181BD3BD0D}.Debug|Any CPU.Build.0 = Debug|Any CPU
		{D1D66671-1B6C-4E81-91EA-E3181BD3BD0D}.Release|Any CPU.ActiveCfg = Release|Any CPU
		{D1D66671-1B6C-4E81-91EA-E3181BD3BD0D}.Release|Any CPU.Build.0 = Release|Any CPU
	EndGlobalSection
	GlobalSection(SolutionProperties) = preSolution
		HideSolutionNode = FALSE
	EndGlobalSection
	GlobalSection(ExtensibilityGlobals) = postSolution
		SolutionGuid = {1D57C35A-1F69-4461-9684-6D6963CA583F}
	EndGlobalSection
EndGlobal
